
Microsoft Visual Studio Solution File, Format Version 12.00
# Visual Studio Version 17
VisualStudioVersion = 17.7.34003.232
MinimumVisualStudioVersion = 10.0.40219.1
Project("{9A19103F-16F7-4668-BE54-9A1E7A4F7556}") = "TaskManager_API", "TaskManager_API\TaskManager_API.csproj", "{1D4ADA51-B38B-4CFC-842D-6C1113AAF9EA}"
EndProject
Project("{9A19103F-16F7-4668-BE54-9A1E7A4F7556}") = "TaskManager_Cache", "TaskManager_Cache\TaskManager_Cache.csproj", "{91E907B6-F0C4-4994-B3FB-877A7EB0A8F2}"
EndProject
Project("{9A19103F-16F7-4668-BE54-9A1E7A4F7556}") = "TaskManager_Data", "TaskManager_Data\TaskManager_Data.csproj", "{D8F5E41B-5B8D-407C-8187-998C74355C04}"
EndProject
Project("{9A19103F-16F7-4668-BE54-9A1E7A4F7556}") = "TaskManager_Logging", "TaskManager_Logging\TaskManager_Logging.csproj", "{438CE35C-212E-44EF-80F9-12D63C6D8BEE}"
EndProject
Project("{9A19103F-16F7-4668-BE54-9A1E7A4F7556}") = "TaskManager_Migrations", "TaskManager_Migrations\TaskManager_Migrations.csproj", "{F3399311-D7C5-4D98-BAA6-8FF851647120}"
EndProject
Project("{9A19103F-16F7-4668-BE54-9A1E7A4F7556}") = "TaskManager_Models", "TaskManager_Models\TaskManager_Models.csproj", "{FB985ACC-9E61-4FDF-8E8D-25B978DF3114}"
EndProject
Project("{9A19103F-16F7-4668-BE54-9A1E7A4F7556}") = "TaskManager_Services", "TaskManager_Services\TaskManager_Services.csproj", "{2FC9E168-4E69-4853-96F9-1D50DB2C8D1F}"
EndProject
Project("{9A19103F-16F7-4668-BE54-9A1E7A4F7556}") = "TaskManager_AsyncClient", "TaskManager_AsyncClient\TaskManager_AsyncClient.csproj", "{BCC3AB42-AD7E-4ADF-8C23-02C22B57E38E}"
EndProject
Project("{2150E333-8FDC-42A3-9474-1A3956D46DE8}") = "NewFolder1", "NewFolder1", "{8C3D9C8C-D613-4083-8C52-83467010B3F1}"
EndProject
Project("{9A19103F-16F7-4668-BE54-9A1E7A4F7556}") = "TaskManager_Worker", "TaskManager_Worker\TaskManager_Worker.csproj", "{AB1D1B80-F9AA-4FF5-903F-ED4D6BCEC1BC}"
EndProject
Project("{FAE04EC0-301F-11D3-BF4B-00C04F79EFBC}") = "TaskManager_MessageContracts", "TaskManager_MessageContracts\TaskManager_MessageContracts.csproj", "{92193601-7270-4E2D-BB70-81678EF18E73}"
EndProject
Global
	GlobalSection(SolutionConfigurationPlatforms) = preSolution
		Debug|Any CPU = Debug|Any CPU
		Release|Any CPU = Release|Any CPU
	EndGlobalSection
	GlobalSection(ProjectConfigurationPlatforms) = postSolution
		{1D4ADA51-B38B-4CFC-842D-6C1113AAF9EA}.Debug|Any CPU.ActiveCfg = Debug|Any CPU
		{1D4ADA51-B38B-4CFC-842D-6C1113AAF9EA}.Debug|Any CPU.Build.0 = Debug|Any CPU
		{1D4ADA51-B38B-4CFC-842D-6C1113AAF9EA}.Release|Any CPU.ActiveCfg = Release|Any CPU
		{1D4ADA51-B38B-4CFC-842D-6C1113AAF9EA}.Release|Any CPU.Build.0 = Release|Any CPU
		{91E907B6-F0C4-4994-B3FB-877A7EB0A8F2}.Debug|Any CPU.ActiveCfg = Debug|Any CPU
		{91E907B6-F0C4-4994-B3FB-877A7EB0A8F2}.Debug|Any CPU.Build.0 = Debug|Any CPU
		{91E907B6-F0C4-4994-B3FB-877A7EB0A8F2}.Release|Any CPU.ActiveCfg = Release|Any CPU
		{91E907B6-F0C4-4994-B3FB-877A7EB0A8F2}.Release|Any CPU.Build.0 = Release|Any CPU
		{D8F5E41B-5B8D-407C-8187-998C74355C04}.Debug|Any CPU.ActiveCfg = Debug|Any CPU
		{D8F5E41B-5B8D-407C-8187-998C74355C04}.Debug|Any CPU.Build.0 = Debug|Any CPU
		{D8F5E41B-5B8D-407C-8187-998C74355C04}.Release|Any CPU.ActiveCfg = Release|Any CPU
		{D8F5E41B-5B8D-407C-8187-998C74355C04}.Release|Any CPU.Build.0 = Release|Any CPU
		{438CE35C-212E-44EF-80F9-12D63C6D8BEE}.Debug|Any CPU.ActiveCfg = Debug|Any CPU
		{438CE35C-212E-44EF-80F9-12D63C6D8BEE}.Debug|Any CPU.Build.0 = Debug|Any CPU
		{438CE35C-212E-44EF-80F9-12D63C6D8BEE}.Release|Any CPU.ActiveCfg = Release|Any CPU
		{438CE35C-212E-44EF-80F9-12D63C6D8BEE}.Release|Any CPU.Build.0 = Release|Any CPU
		{F3399311-D7C5-4D98-BAA6-8FF851647120}.Debug|Any CPU.ActiveCfg = Debug|Any CPU
		{F3399311-D7C5-4D98-BAA6-8FF851647120}.Debug|Any CPU.Build.0 = Debug|Any CPU
		{F3399311-D7C5-4D98-BAA6-8FF851647120}.Release|Any CPU.ActiveCfg = Release|Any CPU
		{F3399311-D7C5-4D98-BAA6-8FF851647120}.Release|Any CPU.Build.0 = Release|Any CPU
		{FB985ACC-9E61-4FDF-8E8D-25B978DF3114}.Debug|Any CPU.ActiveCfg = Debug|Any CPU
		{FB985ACC-9E61-4FDF-8E8D-25B978DF3114}.Debug|Any CPU.Build.0 = Debug|Any CPU
		{FB985ACC-9E61-4FDF-8E8D-25B978DF3114}.Release|Any CPU.ActiveCfg = Release|Any CPU
		{FB985ACC-9E61-4FDF-8E8D-25B978DF3114}.Release|Any CPU.Build.0 = Release|Any CPU
		{2FC9E168-4E69-4853-96F9-1D50DB2C8D1F}.Debug|Any CPU.ActiveCfg = Debug|Any CPU
		{2FC9E168-4E69-4853-96F9-1D50DB2C8D1F}.Debug|Any CPU.Build.0 = Debug|Any CPU
		{2FC9E168-4E69-4853-96F9-1D50DB2C8D1F}.Release|Any CPU.ActiveCfg = Release|Any CPU
		{2FC9E168-4E69-4853-96F9-1D50DB2C8D1F}.Release|Any CPU.Build.0 = Release|Any CPU
		{BCC3AB42-AD7E-4ADF-8C23-02C22B57E38E}.Debug|Any CPU.ActiveCfg = Debug|Any CPU
		{BCC3AB42-AD7E-4ADF-8C23-02C22B57E38E}.Debug|Any CPU.Build.0 = Debug|Any CPU
		{BCC3AB42-AD7E-4ADF-8C23-02C22B57E38E}.Release|Any CPU.ActiveCfg = Release|Any CPU
		{BCC3AB42-AD7E-4ADF-8C23-02C22B57E38E}.Release|Any CPU.Build.0 = Release|Any CPU
		{AB1D1B80-F9AA-4FF5-903F-ED4D6BCEC1BC}.Debug|Any CPU.ActiveCfg = Debug|Any CPU
		{AB1D1B80-F9AA-4FF5-903F-ED4D6BCEC1BC}.Debug|Any CPU.Build.0 = Debug|Any CPU
		{AB1D1B80-F9AA-4FF5-903F-ED4D6BCEC1BC}.Release|Any CPU.ActiveCfg = Release|Any CPU
		{AB1D1B80-F9AA-4FF5-903F-ED4D6BCEC1BC}.Release|Any CPU.Build.0 = Release|Any CPU
		{92193601-7270-4E2D-BB70-81678EF18E73}.Debug|Any CPU.ActiveCfg = Debug|Any CPU
		{92193601-7270-4E2D-BB70-81678EF18E73}.Debug|Any CPU.Build.0 = Debug|Any CPU
		{92193601-7270-4E2D-BB70-81678EF18E73}.Release|Any CPU.ActiveCfg = Release|Any CPU
		{92193601-7270-4E2D-BB70-81678EF18E73}.Release|Any CPU.Build.0 = Release|Any CPU
	EndGlobalSection
	GlobalSection(SolutionProperties) = preSolution
		HideSolutionNode = FALSE
	EndGlobalSection
	GlobalSection(ExtensibilityGlobals) = postSolution
		SolutionGuid = {F6F070FD-F744-4231-9729-A61ABCC6FA75}
	EndGlobalSection
EndGlobal
